
Microsoft Visual Studio Solution File, Format Version 12.00
# Visual Studio Version 16
VisualStudioVersion = 16.0.30711.63
MinimumVisualStudioVersion = 10.0.40219.1
Project("{8BC9CEB8-8B4A-11D0-8D11-00A0C91BC942}") = "Project2", "Project2\Project2.vcxproj", "{8AEB44A4-001D-4EF7-9298-6B6F51224C6A}"
EndProject
Global
	GlobalSection(SolutionConfigurationPlatforms) = preSolution
		Debug|x64 = Debug|x64
		Debug|x86 = Debug|x86
		Release|x64 = Release|x64
		Release|x86 = Release|x86
	EndGlobalSection
	GlobalSection(ProjectConfigurationPlatforms) = postSolution
		{8AEB44A4-001D-4EF7-9298-6B6F51224C6A}.Debug|x64.ActiveCfg = Debug|x64
		{8AEB44A4-001D-4EF7-9298-6B6F51224C6A}.Debug|x64.Build.0 = Debug|x64
		{8AEB44A4-001D-4EF7-9298-6B6F51224C6A}.Debug|x86.ActiveCfg = Debug|Win32
		{8AEB44A4-001D-4EF7-9298-6B6F51224C6A}.Debug|x86.Build.0 = Debug|Win32
		{8AEB44A4-001D-4EF7-9298-6B6F51224C6A}.Release|x64.ActiveCfg = Release|x64
		{8AEB44A4-001D-4EF7-9298-6B6F51224C6A}.Release|x64.Build.0 = Release|x64
		{8AEB44A4-001D-4EF7-9298-6B6F51224C6A}.Release|x86.ActiveCfg = Release|Win32
		{8AEB44A4-001D-4EF7-9298-6B6F51224C6A}.Release|x86.Build.0 = Release|Win32
	EndGlobalSection
	GlobalSection(SolutionProperties) = preSolution
		HideSolutionNode = FALSE
	EndGlobalSection
	GlobalSection(ExtensibilityGlobals) = postSolution
		SolutionGuid = {F91D2BA8-19EB-49DC-99E1-E8C0988E370D}
	EndGlobalSection
EndGlobal
